// !$*UTF8*$!
{
	archiveVersion = 1;
	classes = {
	};
	objectVersion = 50;
	objects = {

/* Begin PBXBuildFile section */
		23BF5CFDABB13D9E1F103F6E /* Pods_Instagram.framework in Frameworks */ = {isa = PBXBuildFile; fileRef = BB71982646B3C08AF5C38E35 /* Pods_Instagram.framework */; };
		37169255213ED1D20072685E /* Theme.swift in Sources */ = {isa = PBXBuildFile; fileRef = 37169254213ED1D20072685E /* Theme.swift */; };
		37169257213ED2CC0072685E /* UIColor.swift in Sources */ = {isa = PBXBuildFile; fileRef = 37169256213ED2CC0072685E /* UIColor.swift */; };
		37169259213ED36E0072685E /* UIView.swift in Sources */ = {isa = PBXBuildFile; fileRef = 37169258213ED36E0072685E /* UIView.swift */; };
		37176E632142C54B00FDE457 /* GoogleService-Info.plist in Resources */ = {isa = PBXBuildFile; fileRef = 37176E622142C54B00FDE457 /* GoogleService-Info.plist */; };
		37218C5821847E1800A34490 /* MainTabBarController.swift in Sources */ = {isa = PBXBuildFile; fileRef = 37218C5721847E1800A34490 /* MainTabBarController.swift */; };
		37218C5A21847E3800A34490 /* UserProfileController.swift in Sources */ = {isa = PBXBuildFile; fileRef = 37218C5921847E3800A34490 /* UserProfileController.swift */; };
		37218C5C218489CD00A34490 /* UserProfileHeader.swift in Sources */ = {isa = PBXBuildFile; fileRef = 37218C5B218489CD00A34490 /* UserProfileHeader.swift */; };
		37218C5F21848D0600A34490 /* NSObject.swift in Sources */ = {isa = PBXBuildFile; fileRef = 37218C5E21848D0600A34490 /* NSObject.swift */; };
		37218C6121848D3A00A34490 /* ReuseIdentifier.swift in Sources */ = {isa = PBXBuildFile; fileRef = 37218C6021848D3A00A34490 /* ReuseIdentifier.swift */; };
		37218C642184988F00A34490 /* User.swift in Sources */ = {isa = PBXBuildFile; fileRef = 37218C632184988F00A34490 /* User.swift */; };
		379DAC1A211D3ED200BDA7A5 /* AppDelegate.swift in Sources */ = {isa = PBXBuildFile; fileRef = 379DAC19211D3ED200BDA7A5 /* AppDelegate.swift */; };
		379DAC1C211D3ED200BDA7A5 /* ViewController.swift in Sources */ = {isa = PBXBuildFile; fileRef = 379DAC1B211D3ED200BDA7A5 /* ViewController.swift */; };
		379DAC1F211D3ED200BDA7A5 /* Main.storyboard in Resources */ = {isa = PBXBuildFile; fileRef = 379DAC1D211D3ED200BDA7A5 /* Main.storyboard */; };
		379DAC21211D3ED300BDA7A5 /* Assets.xcassets in Resources */ = {isa = PBXBuildFile; fileRef = 379DAC20211D3ED300BDA7A5 /* Assets.xcassets */; };
		379DAC24211D3ED300BDA7A5 /* LaunchScreen.storyboard in Resources */ = {isa = PBXBuildFile; fileRef = 379DAC22211D3ED300BDA7A5 /* LaunchScreen.storyboard */; };
		379DAC2F211D3ED400BDA7A5 /* InstagramUITests.swift in Sources */ = {isa = PBXBuildFile; fileRef = 379DAC2E211D3ED400BDA7A5 /* InstagramUITests.swift */; };
		8C77A4767EFD3C806DDCDD63 /* Pods_InstagramUITests.framework in Frameworks */ = {isa = PBXBuildFile; fileRef = B24CDAE5389CF721AD0849E4 /* Pods_InstagramUITests.framework */; };
/* End PBXBuildFile section */

/* Begin PBXContainerItemProxy section */
		379DAC2B211D3ED400BDA7A5 /* PBXContainerItemProxy */ = {
			isa = PBXContainerItemProxy;
			containerPortal = 379DAC0E211D3ED200BDA7A5 /* Project object */;
			proxyType = 1;
			remoteGlobalIDString = 379DAC15211D3ED200BDA7A5;
			remoteInfo = Instagram;
		};
/* End PBXContainerItemProxy section */

/* Begin PBXFileReference section */
		356115BB11B0614C5BF98222 /* Pods-InstagramUITests.release.xcconfig */ = {isa = PBXFileReference; includeInIndex = 1; lastKnownFileType = text.xcconfig; name = "Pods-InstagramUITests.release.xcconfig"; path = "Pods/Target Support Files/Pods-InstagramUITests/Pods-InstagramUITests.release.xcconfig"; sourceTree = "<group>"; };
		37169254213ED1D20072685E /* Theme.swift */ = {isa = PBXFileReference; lastKnownFileType = sourcecode.swift; path = Theme.swift; sourceTree = "<group>"; };
		37169256213ED2CC0072685E /* UIColor.swift */ = {isa = PBXFileReference; lastKnownFileType = sourcecode.swift; path = UIColor.swift; sourceTree = "<group>"; };
		37169258213ED36E0072685E /* UIView.swift */ = {isa = PBXFileReference; lastKnownFileType = sourcecode.swift; path = UIView.swift; sourceTree = "<group>"; };
		37176E622142C54B00FDE457 /* GoogleService-Info.plist */ = {isa = PBXFileReference; fileEncoding = 4; lastKnownFileType = text.plist.xml; path = "GoogleService-Info.plist"; sourceTree = "<group>"; };
		37218C5721847E1800A34490 /* MainTabBarController.swift */ = {isa = PBXFileReference; lastKnownFileType = sourcecode.swift; path = MainTabBarController.swift; sourceTree = "<group>"; };
		37218C5921847E3800A34490 /* UserProfileController.swift */ = {isa = PBXFileReference; lastKnownFileType = sourcecode.swift; path = UserProfileController.swift; sourceTree = "<group>"; };
		37218C5B218489CD00A34490 /* UserProfileHeader.swift */ = {isa = PBXFileReference; lastKnownFileType = sourcecode.swift; path = UserProfileHeader.swift; sourceTree = "<group>"; };
		37218C5E21848D0600A34490 /* NSObject.swift */ = {isa = PBXFileReference; lastKnownFileType = sourcecode.swift; path = NSObject.swift; sourceTree = "<group>"; };
		37218C6021848D3A00A34490 /* ReuseIdentifier.swift */ = {isa = PBXFileReference; lastKnownFileType = sourcecode.swift; path = ReuseIdentifier.swift; sourceTree = "<group>"; };
		37218C632184988F00A34490 /* User.swift */ = {isa = PBXFileReference; lastKnownFileType = sourcecode.swift; path = User.swift; sourceTree = "<group>"; };
		379DAC16211D3ED200BDA7A5 /* Instagram.app */ = {isa = PBXFileReference; explicitFileType = wrapper.application; includeInIndex = 0; path = Instagram.app; sourceTree = BUILT_PRODUCTS_DIR; };
		379DAC19211D3ED200BDA7A5 /* AppDelegate.swift */ = {isa = PBXFileReference; lastKnownFileType = sourcecode.swift; path = AppDelegate.swift; sourceTree = "<group>"; };
		379DAC1B211D3ED200BDA7A5 /* ViewController.swift */ = {isa = PBXFileReference; lastKnownFileType = sourcecode.swift; path = ViewController.swift; sourceTree = "<group>"; };
		379DAC1E211D3ED200BDA7A5 /* Base */ = {isa = PBXFileReference; lastKnownFileType = file.storyboard; name = Base; path = Base.lproj/Main.storyboard; sourceTree = "<group>"; };
		379DAC20211D3ED300BDA7A5 /* Assets.xcassets */ = {isa = PBXFileReference; lastKnownFileType = folder.assetcatalog; path = Assets.xcassets; sourceTree = "<group>"; };
		379DAC23211D3ED300BDA7A5 /* Base */ = {isa = PBXFileReference; lastKnownFileType = file.storyboard; name = Base; path = Base.lproj/LaunchScreen.storyboard; sourceTree = "<group>"; };
		379DAC25211D3ED300BDA7A5 /* Info.plist */ = {isa = PBXFileReference; lastKnownFileType = text.plist.xml; path = Info.plist; sourceTree = "<group>"; };
		379DAC2A211D3ED400BDA7A5 /* InstagramUITests.xctest */ = {isa = PBXFileReference; explicitFileType = wrapper.cfbundle; includeInIndex = 0; path = InstagramUITests.xctest; sourceTree = BUILT_PRODUCTS_DIR; };
		379DAC2E211D3ED400BDA7A5 /* InstagramUITests.swift */ = {isa = PBXFileReference; lastKnownFileType = sourcecode.swift; path = InstagramUITests.swift; sourceTree = "<group>"; };
		379DAC30211D3ED400BDA7A5 /* Info.plist */ = {isa = PBXFileReference; lastKnownFileType = text.plist.xml; path = Info.plist; sourceTree = "<group>"; };
		5A766BC13DDB234AD16BF448 /* Pods-Instagram.release.xcconfig */ = {isa = PBXFileReference; includeInIndex = 1; lastKnownFileType = text.xcconfig; name = "Pods-Instagram.release.xcconfig"; path = "Pods/Target Support Files/Pods-Instagram/Pods-Instagram.release.xcconfig"; sourceTree = "<group>"; };
		8EF4A75474952825D3BE30E1 /* Pods-Instagram.debug.xcconfig */ = {isa = PBXFileReference; includeInIndex = 1; lastKnownFileType = text.xcconfig; name = "Pods-Instagram.debug.xcconfig"; path = "Pods/Target Support Files/Pods-Instagram/Pods-Instagram.debug.xcconfig"; sourceTree = "<group>"; };
		B18189AF7020E8DB4F6A1A78 /* Pods-InstagramUITests.debug.xcconfig */ = {isa = PBXFileReference; includeInIndex = 1; lastKnownFileType = text.xcconfig; name = "Pods-InstagramUITests.debug.xcconfig"; path = "Pods/Target Support Files/Pods-InstagramUITests/Pods-InstagramUITests.debug.xcconfig"; sourceTree = "<group>"; };
		B24CDAE5389CF721AD0849E4 /* Pods_InstagramUITests.framework */ = {isa = PBXFileReference; explicitFileType = wrapper.framework; includeInIndex = 0; path = Pods_InstagramUITests.framework; sourceTree = BUILT_PRODUCTS_DIR; };
		BB71982646B3C08AF5C38E35 /* Pods_Instagram.framework */ = {isa = PBXFileReference; explicitFileType = wrapper.framework; includeInIndex = 0; path = Pods_Instagram.framework; sourceTree = BUILT_PRODUCTS_DIR; };
/* End PBXFileReference section */

/* Begin PBXFrameworksBuildPhase section */
		379DAC13211D3ED200BDA7A5 /* Frameworks */ = {
			isa = PBXFrameworksBuildPhase;
			buildActionMask = 2147483647;
			files = (
				23BF5CFDABB13D9E1F103F6E /* Pods_Instagram.framework in Frameworks */,
			);
			runOnlyForDeploymentPostprocessing = 0;
		};
		379DAC27211D3ED400BDA7A5 /* Frameworks */ = {
			isa = PBXFrameworksBuildPhase;
			buildActionMask = 2147483647;
			files = (
				8C77A4767EFD3C806DDCDD63 /* Pods_InstagramUITests.framework in Frameworks */,
			);
			runOnlyForDeploymentPostprocessing = 0;
		};
/* End PBXFrameworksBuildPhase section */

/* Begin PBXGroup section */
		3716925A213ED3910072685E /* Utils */ = {
			isa = PBXGroup;
			children = (
				37218C6021848D3A00A34490 /* ReuseIdentifier.swift */,
				37169254213ED1D20072685E /* Theme.swift */,
				3716925B213ED39A0072685E /* Extensions */,
			);
			path = Utils;
			sourceTree = "<group>";
		};
		3716925B213ED39A0072685E /* Extensions */ = {
			isa = PBXGroup;
			children = (
				37169256213ED2CC0072685E /* UIColor.swift */,
				37169258213ED36E0072685E /* UIView.swift */,
				37218C5E21848D0600A34490 /* NSObject.swift */,
			);
			path = Extensions;
			sourceTree = "<group>";
		};
		37218C5621847E0000A34490 /* Controllers */ = {
			isa = PBXGroup;
			children = (
				37218C5721847E1800A34490 /* MainTabBarController.swift */,
				37218C5921847E3800A34490 /* UserProfileController.swift */,
				379DAC1B211D3ED200BDA7A5 /* ViewController.swift */,
			);
			path = Controllers;
			sourceTree = "<group>";
		};
		37218C5D218489D400A34490 /* Views */ = {
			isa = PBXGroup;
			children = (
				37218C5B218489CD00A34490 /* UserProfileHeader.swift */,
			);
			path = Views;
			sourceTree = "<group>";
		};
		37218C622184987E00A34490 /* Models */ = {
			isa = PBXGroup;
			children = (
				37218C632184988F00A34490 /* User.swift */,
			);
			path = Models;
			sourceTree = "<group>";
		};
		376D52132140BB7B005CEA44 /* Storyboards */ = {
			isa = PBXGroup;
			children = (
				379DAC1D211D3ED200BDA7A5 /* Main.storyboard */,
				379DAC22211D3ED300BDA7A5 /* LaunchScreen.storyboard */,
			);
			path = Storyboards;
			sourceTree = "<group>";
		};
		376D52142140BB8D005CEA44 /* Ressources */ = {
			isa = PBXGroup;
			children = (
				379DAC20211D3ED300BDA7A5 /* Assets.xcassets */,
			);
			path = Ressources;
			sourceTree = "<group>";
		};
		379DAC0D211D3ED200BDA7A5 = {
			isa = PBXGroup;
			children = (
				379DAC18211D3ED200BDA7A5 /* Instagram */,
				379DAC2D211D3ED400BDA7A5 /* InstagramUITests */,
				379DAC17211D3ED200BDA7A5 /* Products */,
				9458F274114BAA333A67BB2D /* Pods */,
				EFC68A4043E400364B1C00A5 /* Frameworks */,
			);
			sourceTree = "<group>";
		};
		379DAC17211D3ED200BDA7A5 /* Products */ = {
			isa = PBXGroup;
			children = (
				379DAC16211D3ED200BDA7A5 /* Instagram.app */,
				379DAC2A211D3ED400BDA7A5 /* InstagramUITests.xctest */,
			);
			name = Products;
			sourceTree = "<group>";
		};
		379DAC18211D3ED200BDA7A5 /* Instagram */ = {
			isa = PBXGroup;
			children = (
				379DAC19211D3ED200BDA7A5 /* AppDelegate.swift */,
				379DAC25211D3ED300BDA7A5 /* Info.plist */,
				37176E622142C54B00FDE457 /* GoogleService-Info.plist */,
				37218C622184987E00A34490 /* Models */,
				37218C5D218489D400A34490 /* Views */,
				37218C5621847E0000A34490 /* Controllers */,
				376D52142140BB8D005CEA44 /* Ressources */,
				376D52132140BB7B005CEA44 /* Storyboards */,
				3716925A213ED3910072685E /* Utils */,
			);
			path = Instagram;
			sourceTree = "<group>";
		};
		379DAC2D211D3ED400BDA7A5 /* InstagramUITests */ = {
			isa = PBXGroup;
			children = (
				379DAC2E211D3ED400BDA7A5 /* InstagramUITests.swift */,
				379DAC30211D3ED400BDA7A5 /* Info.plist */,
			);
			path = InstagramUITests;
			sourceTree = "<group>";
		};
		9458F274114BAA333A67BB2D /* Pods */ = {
			isa = PBXGroup;
			children = (
				8EF4A75474952825D3BE30E1 /* Pods-Instagram.debug.xcconfig */,
				5A766BC13DDB234AD16BF448 /* Pods-Instagram.release.xcconfig */,
				B18189AF7020E8DB4F6A1A78 /* Pods-InstagramUITests.debug.xcconfig */,
				356115BB11B0614C5BF98222 /* Pods-InstagramUITests.release.xcconfig */,
			);
			name = Pods;
			sourceTree = "<group>";
		};
		EFC68A4043E400364B1C00A5 /* Frameworks */ = {
			isa = PBXGroup;
			children = (
				BB71982646B3C08AF5C38E35 /* Pods_Instagram.framework */,
				B24CDAE5389CF721AD0849E4 /* Pods_InstagramUITests.framework */,
			);
			name = Frameworks;
			sourceTree = "<group>";
		};
/* End PBXGroup section */

/* Begin PBXNativeTarget section */
		379DAC15211D3ED200BDA7A5 /* Instagram */ = {
			isa = PBXNativeTarget;
			buildConfigurationList = 379DAC33211D3ED400BDA7A5 /* Build configuration list for PBXNativeTarget "Instagram" */;
			buildPhases = (
				1BE020E5EB0C435D3B8E67B2 /* [CP] Check Pods Manifest.lock */,
				379DAC12211D3ED200BDA7A5 /* Sources */,
				379DAC13211D3ED200BDA7A5 /* Frameworks */,
				379DAC14211D3ED200BDA7A5 /* Resources */,
				71E589A7F3FA72533F210FA3 /* [CP] Embed Pods Frameworks */,
			);
			buildRules = (
			);
			dependencies = (
			);
			name = Instagram;
			productName = Instagram;
			productReference = 379DAC16211D3ED200BDA7A5 /* Instagram.app */;
			productType = "com.apple.product-type.application";
		};
		379DAC29211D3ED400BDA7A5 /* InstagramUITests */ = {
			isa = PBXNativeTarget;
			buildConfigurationList = 379DAC36211D3ED400BDA7A5 /* Build configuration list for PBXNativeTarget "InstagramUITests" */;
			buildPhases = (
				489D0D86357556329A439CC4 /* [CP] Check Pods Manifest.lock */,
				379DAC26211D3ED400BDA7A5 /* Sources */,
				379DAC27211D3ED400BDA7A5 /* Frameworks */,
				379DAC28211D3ED400BDA7A5 /* Resources */,
			);
			buildRules = (
			);
			dependencies = (
				379DAC2C211D3ED400BDA7A5 /* PBXTargetDependency */,
			);
			name = InstagramUITests;
			productName = InstagramUITests;
			productReference = 379DAC2A211D3ED400BDA7A5 /* InstagramUITests.xctest */;
			productType = "com.apple.product-type.bundle.ui-testing";
		};
/* End PBXNativeTarget section */

/* Begin PBXProject section */
		379DAC0E211D3ED200BDA7A5 /* Project object */ = {
			isa = PBXProject;
			attributes = {
				LastSwiftUpdateCheck = 0940;
				LastUpgradeCheck = 0940;
				ORGANIZATIONNAME = "Nicolas Desormiere";
				TargetAttributes = {
					379DAC15211D3ED200BDA7A5 = {
						CreatedOnToolsVersion = 9.4.1;
					};
					379DAC29211D3ED400BDA7A5 = {
						CreatedOnToolsVersion = 9.4.1;
						TestTargetID = 379DAC15211D3ED200BDA7A5;
					};
				};
			};
			buildConfigurationList = 379DAC11211D3ED200BDA7A5 /* Build configuration list for PBXProject "Instagram" */;
			compatibilityVersion = "Xcode 9.3";
			developmentRegion = en;
			hasScannedForEncodings = 0;
			knownRegions = (
				en,
				Base,
			);
			mainGroup = 379DAC0D211D3ED200BDA7A5;
			productRefGroup = 379DAC17211D3ED200BDA7A5 /* Products */;
			projectDirPath = "";
			projectRoot = "";
			targets = (
				379DAC15211D3ED200BDA7A5 /* Instagram */,
				379DAC29211D3ED400BDA7A5 /* InstagramUITests */,
			);
		};
/* End PBXProject section */

/* Begin PBXResourcesBuildPhase section */
		379DAC14211D3ED200BDA7A5 /* Resources */ = {
			isa = PBXResourcesBuildPhase;
			buildActionMask = 2147483647;
			files = (
				379DAC24211D3ED300BDA7A5 /* LaunchScreen.storyboard in Resources */,
				37176E632142C54B00FDE457 /* GoogleService-Info.plist in Resources */,
				379DAC21211D3ED300BDA7A5 /* Assets.xcassets in Resources */,
				379DAC1F211D3ED200BDA7A5 /* Main.storyboard in Resources */,
			);
			runOnlyForDeploymentPostprocessing = 0;
		};
		379DAC28211D3ED400BDA7A5 /* Resources */ = {
			isa = PBXResourcesBuildPhase;
			buildActionMask = 2147483647;
			files = (
			);
			runOnlyForDeploymentPostprocessing = 0;
		};
/* End PBXResourcesBuildPhase section */

/* Begin PBXShellScriptBuildPhase section */
		1BE020E5EB0C435D3B8E67B2 /* [CP] Check Pods Manifest.lock */ = {
			isa = PBXShellScriptBuildPhase;
			buildActionMask = 2147483647;
			files = (
			);
			inputPaths = (
				"${PODS_PODFILE_DIR_PATH}/Podfile.lock",
				"${PODS_ROOT}/Manifest.lock",
			);
			name = "[CP] Check Pods Manifest.lock";
			outputPaths = (
				"$(DERIVED_FILE_DIR)/Pods-Instagram-checkManifestLockResult.txt",
			);
			runOnlyForDeploymentPostprocessing = 0;
			shellPath = /bin/sh;
			shellScript = "diff \"${PODS_PODFILE_DIR_PATH}/Podfile.lock\" \"${PODS_ROOT}/Manifest.lock\" > /dev/null\nif [ $? != 0 ] ; then\n    # print error to STDERR\n    echo \"error: The sandbox is not in sync with the Podfile.lock. Run 'pod install' or update your CocoaPods installation.\" >&2\n    exit 1\nfi\n# This output is used by Xcode 'outputs' to avoid re-running this script phase.\necho \"SUCCESS\" > \"${SCRIPT_OUTPUT_FILE_0}\"\n";
			showEnvVarsInLog = 0;
		};
		489D0D86357556329A439CC4 /* [CP] Check Pods Manifest.lock */ = {
			isa = PBXShellScriptBuildPhase;
			buildActionMask = 2147483647;
			files = (
			);
			inputPaths = (
				"${PODS_PODFILE_DIR_PATH}/Podfile.lock",
				"${PODS_ROOT}/Manifest.lock",
			);
			name = "[CP] Check Pods Manifest.lock";
			outputPaths = (
				"$(DERIVED_FILE_DIR)/Pods-InstagramUITests-checkManifestLockResult.txt",
			);
			runOnlyForDeploymentPostprocessing = 0;
			shellPath = /bin/sh;
			shellScript = "diff \"${PODS_PODFILE_DIR_PATH}/Podfile.lock\" \"${PODS_ROOT}/Manifest.lock\" > /dev/null\nif [ $? != 0 ] ; then\n    # print error to STDERR\n    echo \"error: The sandbox is not in sync with the Podfile.lock. Run 'pod install' or update your CocoaPods installation.\" >&2\n    exit 1\nfi\n# This output is used by Xcode 'outputs' to avoid re-running this script phase.\necho \"SUCCESS\" > \"${SCRIPT_OUTPUT_FILE_0}\"\n";
			showEnvVarsInLog = 0;
		};
		71E589A7F3FA72533F210FA3 /* [CP] Embed Pods Frameworks */ = {
			isa = PBXShellScriptBuildPhase;
			buildActionMask = 2147483647;
			files = (
			);
			inputPaths = (
				"${SRCROOT}/Pods/Target Support Files/Pods-Instagram/Pods-Instagram-frameworks.sh",
				"${BUILT_PRODUCTS_DIR}/GTMSessionFetcher/GTMSessionFetcher.framework",
				"${BUILT_PRODUCTS_DIR}/GoogleUtilities/GoogleUtilities.framework",
				"${BUILT_PRODUCTS_DIR}/leveldb-library/leveldb.framework",
				"${BUILT_PRODUCTS_DIR}/nanopb/nanopb.framework",
			);
			name = "[CP] Embed Pods Frameworks";
			outputPaths = (
				"${TARGET_BUILD_DIR}/${FRAMEWORKS_FOLDER_PATH}/GTMSessionFetcher.framework",
				"${TARGET_BUILD_DIR}/${FRAMEWORKS_FOLDER_PATH}/GoogleUtilities.framework",
				"${TARGET_BUILD_DIR}/${FRAMEWORKS_FOLDER_PATH}/leveldb.framework",
				"${TARGET_BUILD_DIR}/${FRAMEWORKS_FOLDER_PATH}/nanopb.framework",
			);
			runOnlyForDeploymentPostprocessing = 0;
			shellPath = /bin/sh;
			shellScript = "\"${SRCROOT}/Pods/Target Support Files/Pods-Instagram/Pods-Instagram-frameworks.sh\"\n";
			showEnvVarsInLog = 0;
		};
/* End PBXShellScriptBuildPhase section */

/* Begin PBXSourcesBuildPhase section */
		379DAC12211D3ED200BDA7A5 /* Sources */ = {
			isa = PBXSourcesBuildPhase;
			buildActionMask = 2147483647;
			files = (
				37169259213ED36E0072685E /* UIView.swift in Sources */,
				37169255213ED1D20072685E /* Theme.swift in Sources */,
				37218C5821847E1800A34490 /* MainTabBarController.swift in Sources */,
				37218C6121848D3A00A34490 /* ReuseIdentifier.swift in Sources */,
				37218C5F21848D0600A34490 /* NSObject.swift in Sources */,
				37218C5C218489CD00A34490 /* UserProfileHeader.swift in Sources */,
				37169257213ED2CC0072685E /* UIColor.swift in Sources */,
				37218C5A21847E3800A34490 /* UserProfileController.swift in Sources */,
				379DAC1C211D3ED200BDA7A5 /* ViewController.swift in Sources */,
				379DAC1A211D3ED200BDA7A5 /* AppDelegate.swift in Sources */,
				37218C642184988F00A34490 /* User.swift in Sources */,
			);
			runOnlyForDeploymentPostprocessing = 0;
		};
		379DAC26211D3ED400BDA7A5 /* Sources */ = {
			isa = PBXSourcesBuildPhase;
			buildActionMask = 2147483647;
			files = (
				379DAC2F211D3ED400BDA7A5 /* InstagramUITests.swift in Sources */,
			);
			runOnlyForDeploymentPostprocessing = 0;
		};
/* End PBXSourcesBuildPhase section */

/* Begin PBXTargetDependency section */
		379DAC2C211D3ED400BDA7A5 /* PBXTargetDependency */ = {
			isa = PBXTargetDependency;
			target = 379DAC15211D3ED200BDA7A5 /* Instagram */;
			targetProxy = 379DAC2B211D3ED400BDA7A5 /* PBXContainerItemProxy */;
		};
/* End PBXTargetDependency section */

/* Begin PBXVariantGroup section */
		379DAC1D211D3ED200BDA7A5 /* Main.storyboard */ = {
			isa = PBXVariantGroup;
			children = (
				379DAC1E211D3ED200BDA7A5 /* Base */,
			);
			name = Main.storyboard;
			sourceTree = "<group>";
		};
		379DAC22211D3ED300BDA7A5 /* LaunchScreen.storyboard */ = {
			isa = PBXVariantGroup;
			children = (
				379DAC23211D3ED300BDA7A5 /* Base */,
			);
			name = LaunchScreen.storyboard;
			sourceTree = "<group>";
		};
/* End PBXVariantGroup section */

/* Begin XCBuildConfiguration section */
		379DAC31211D3ED400BDA7A5 /* Debug */ = {
			isa = XCBuildConfiguration;
			buildSettings = {
				ALWAYS_SEARCH_USER_PATHS = NO;
				CLANG_ANALYZER_NONNULL = YES;
				CLANG_ANALYZER_NUMBER_OBJECT_CONVERSION = YES_AGGRESSIVE;
				CLANG_CXX_LANGUAGE_STANDARD = "gnu++14";
				CLANG_CXX_LIBRARY = "libc++";
				CLANG_ENABLE_MODULES = YES;
				CLANG_ENABLE_OBJC_ARC = YES;
				CLANG_ENABLE_OBJC_WEAK = YES;
				CLANG_WARN_BLOCK_CAPTURE_AUTORELEASING = YES;
				CLANG_WARN_BOOL_CONVERSION = YES;
				CLANG_WARN_COMMA = YES;
				CLANG_WARN_CONSTANT_CONVERSION = YES;
				CLANG_WARN_DEPRECATED_OBJC_IMPLEMENTATIONS = YES;
				CLANG_WARN_DIRECT_OBJC_ISA_USAGE = YES_ERROR;
				CLANG_WARN_DOCUMENTATION_COMMENTS = YES;
				CLANG_WARN_EMPTY_BODY = YES;
				CLANG_WARN_ENUM_CONVERSION = YES;
				CLANG_WARN_INFINITE_RECURSION = YES;
				CLANG_WARN_INT_CONVERSION = YES;
				CLANG_WARN_NON_LITERAL_NULL_CONVERSION = YES;
				CLANG_WARN_OBJC_IMPLICIT_RETAIN_SELF = YES;
				CLANG_WARN_OBJC_LITERAL_CONVERSION = YES;
				CLANG_WARN_OBJC_ROOT_CLASS = YES_ERROR;
				CLANG_WARN_RANGE_LOOP_ANALYSIS = YES;
				CLANG_WARN_STRICT_PROTOTYPES = YES;
				CLANG_WARN_SUSPICIOUS_MOVE = YES;
				CLANG_WARN_UNGUARDED_AVAILABILITY = YES_AGGRESSIVE;
				CLANG_WARN_UNREACHABLE_CODE = YES;
				CLANG_WARN__DUPLICATE_METHOD_MATCH = YES;
				CODE_SIGN_IDENTITY = "iPhone Developer";
				COPY_PHASE_STRIP = NO;
				DEBUG_INFORMATION_FORMAT = dwarf;
				ENABLE_STRICT_OBJC_MSGSEND = YES;
				ENABLE_TESTABILITY = YES;
				GCC_C_LANGUAGE_STANDARD = gnu11;
				GCC_DYNAMIC_NO_PIC = NO;
				GCC_NO_COMMON_BLOCKS = YES;
				GCC_OPTIMIZATION_LEVEL = 0;
				GCC_PREPROCESSOR_DEFINITIONS = (
					"DEBUG=1",
					"$(inherited)",
				);
				GCC_WARN_64_TO_32_BIT_CONVERSION = YES;
				GCC_WARN_ABOUT_RETURN_TYPE = YES_ERROR;
				GCC_WARN_UNDECLARED_SELECTOR = YES;
				GCC_WARN_UNINITIALIZED_AUTOS = YES_AGGRESSIVE;
				GCC_WARN_UNUSED_FUNCTION = YES;
				GCC_WARN_UNUSED_VARIABLE = YES;
				IPHONEOS_DEPLOYMENT_TARGET = 11.4;
				MTL_ENABLE_DEBUG_INFO = YES;
				ONLY_ACTIVE_ARCH = YES;
				SDKROOT = iphoneos;
				SWIFT_ACTIVE_COMPILATION_CONDITIONS = DEBUG;
				SWIFT_OPTIMIZATION_LEVEL = "-Onone";
			};
			name = Debug;
		};
		379DAC32211D3ED400BDA7A5 /* Release */ = {
			isa = XCBuildConfiguration;
			buildSettings = {
				ALWAYS_SEARCH_USER_PATHS = NO;
				CLANG_ANALYZER_NONNULL = YES;
				CLANG_ANALYZER_NUMBER_OBJECT_CONVERSION = YES_AGGRESSIVE;
				CLANG_CXX_LANGUAGE_STANDARD = "gnu++14";
				CLANG_CXX_LIBRARY = "libc++";
				CLANG_ENABLE_MODULES = YES;
				CLANG_ENABLE_OBJC_ARC = YES;
				CLANG_ENABLE_OBJC_WEAK = YES;
				CLANG_WARN_BLOCK_CAPTURE_AUTORELEASING = YES;
				CLANG_WARN_BOOL_CONVERSION = YES;
				CLANG_WARN_COMMA = YES;
				CLANG_WARN_CONSTANT_CONVERSION = YES;
				CLANG_WARN_DEPRECATED_OBJC_IMPLEMENTATIONS = YES;
				CLANG_WARN_DIRECT_OBJC_ISA_USAGE = YES_ERROR;
				CLANG_WARN_DOCUMENTATION_COMMENTS = YES;
				CLANG_WARN_EMPTY_BODY = YES;
				CLANG_WARN_ENUM_CONVERSION = YES;
				CLANG_WARN_INFINITE_RECURSION = YES;
				CLANG_WARN_INT_CONVERSION = YES;
				CLANG_WARN_NON_LITERAL_NULL_CONVERSION = YES;
				CLANG_WARN_OBJC_IMPLICIT_RETAIN_SELF = YES;
				CLANG_WARN_OBJC_LITERAL_CONVERSION = YES;
				CLANG_WARN_OBJC_ROOT_CLASS = YES_ERROR;
				CLANG_WARN_RANGE_LOOP_ANALYSIS = YES;
				CLANG_WARN_STRICT_PROTOTYPES = YES;
				CLANG_WARN_SUSPICIOUS_MOVE = YES;
				CLANG_WARN_UNGUARDED_AVAILABILITY = YES_AGGRESSIVE;
				CLANG_WARN_UNREACHABLE_CODE = YES;
				CLANG_WARN__DUPLICATE_METHOD_MATCH = YES;
				CODE_SIGN_IDENTITY = "iPhone Developer";
				COPY_PHASE_STRIP = NO;
				DEBUG_INFORMATION_FORMAT = "dwarf-with-dsym";
				ENABLE_NS_ASSERTIONS = NO;
				ENABLE_STRICT_OBJC_MSGSEND = YES;
				GCC_C_LANGUAGE_STANDARD = gnu11;
				GCC_NO_COMMON_BLOCKS = YES;
				GCC_WARN_64_TO_32_BIT_CONVERSION = YES;
				GCC_WARN_ABOUT_RETURN_TYPE = YES_ERROR;
				GCC_WARN_UNDECLARED_SELECTOR = YES;
				GCC_WARN_UNINITIALIZED_AUTOS = YES_AGGRESSIVE;
				GCC_WARN_UNUSED_FUNCTION = YES;
				GCC_WARN_UNUSED_VARIABLE = YES;
				IPHONEOS_DEPLOYMENT_TARGET = 11.4;
				MTL_ENABLE_DEBUG_INFO = NO;
				SDKROOT = iphoneos;
				SWIFT_COMPILATION_MODE = wholemodule;
				SWIFT_OPTIMIZATION_LEVEL = "-O";
				VALIDATE_PRODUCT = YES;
			};
			name = Release;
		};
		379DAC34211D3ED400BDA7A5 /* Debug */ = {
			isa = XCBuildConfiguration;
			baseConfigurationReference = 8EF4A75474952825D3BE30E1 /* Pods-Instagram.debug.xcconfig */;
			buildSettings = {
				ASSETCATALOG_COMPILER_APPICON_NAME = AppIcon;
				CODE_SIGN_STYLE = Automatic;
				DEVELOPMENT_TEAM = 2T3D3L27FC;
				INFOPLIST_FILE = Instagram/Info.plist;
				LD_RUNPATH_SEARCH_PATHS = (
					"$(inherited)",
					"@executable_path/Frameworks",
				);
				PRODUCT_BUNDLE_IDENTIFIER = com.desormiere.nicolas.Instagram;
				PRODUCT_NAME = "$(TARGET_NAME)";
				SWIFT_VERSION = 4.0;
				TARGETED_DEVICE_FAMILY = "1,2";
			};
			name = Debug;
		};
		379DAC35211D3ED400BDA7A5 /* Release */ = {
			isa = XCBuildConfiguration;
			baseConfigurationReference = 5A766BC13DDB234AD16BF448 /* Pods-Instagram.release.xcconfig */;
			buildSettings = {
				ASSETCATALOG_COMPILER_APPICON_NAME = AppIcon;
				CODE_SIGN_STYLE = Automatic;
				DEVELOPMENT_TEAM = 2T3D3L27FC;
				INFOPLIST_FILE = Instagram/Info.plist;
				LD_RUNPATH_SEARCH_PATHS = (
					"$(inherited)",
					"@executable_path/Frameworks",
				);
				PRODUCT_BUNDLE_IDENTIFIER = com.desormiere.nicolas.Instagram;
				PRODUCT_NAME = "$(TARGET_NAME)";
				SWIFT_VERSION = 4.0;
				TARGETED_DEVICE_FAMILY = "1,2";
			};
			name = Release;
		};
		379DAC37211D3ED400BDA7A5 /* Debug */ = {
			isa = XCBuildConfiguration;
			baseConfigurationReference = B18189AF7020E8DB4F6A1A78 /* Pods-InstagramUITests.debug.xcconfig */;
			buildSettings = {
				ALWAYS_EMBED_SWIFT_STANDARD_LIBRARIES = YES;
				CODE_SIGN_STYLE = Automatic;
				DEVELOPMENT_TEAM = 2T3D3L27FC;
				INFOPLIST_FILE = InstagramUITests/Info.plist;
				LD_RUNPATH_SEARCH_PATHS = (
					"$(inherited)",
					"@executable_path/Frameworks",
					"@loader_path/Frameworks",
				);
				PRODUCT_BUNDLE_IDENTIFIER = com.desormiere.nicolas.InstagramUITests;
				PRODUCT_NAME = "$(TARGET_NAME)";
				SWIFT_VERSION = 4.0;
				TARGETED_DEVICE_FAMILY = "1,2";
				TEST_TARGET_NAME = Instagram;
			};
			name = Debug;
		};
		379DAC38211D3ED400BDA7A5 /* Release */ = {
			isa = XCBuildConfiguration;
			baseConfigurationReference = 356115BB11B0614C5BF98222 /* Pods-InstagramUITests.release.xcconfig */;
			buildSettings = {
				ALWAYS_EMBED_SWIFT_STANDARD_LIBRARIES = YES;
				CODE_SIGN_STYLE = Automatic;
				DEVELOPMENT_TEAM = 2T3D3L27FC;
				INFOPLIST_FILE = InstagramUITests/Info.plist;
				LD_RUNPATH_SEARCH_PATHS = (
					"$(inherited)",
					"@executable_path/Frameworks",
					"@loader_path/Frameworks",
				);
				PRODUCT_BUNDLE_IDENTIFIER = com.desormiere.nicolas.InstagramUITests;
				PRODUCT_NAME = "$(TARGET_NAME)";
				SWIFT_VERSION = 4.0;
				TARGETED_DEVICE_FAMILY = "1,2";
				TEST_TARGET_NAME = Instagram;
			};
			name = Release;
		};
/* End XCBuildConfiguration section */

/* Begin XCConfigurationList section */
		379DAC11211D3ED200BDA7A5 /* Build configuration list for PBXProject "Instagram" */ = {
			isa = XCConfigurationList;
			buildConfigurations = (
				379DAC31211D3ED400BDA7A5 /* Debug */,
				379DAC32211D3ED400BDA7A5 /* Release */,
			);
			defaultConfigurationIsVisible = 0;
			defaultConfigurationName = Release;
		};
		379DAC33211D3ED400BDA7A5 /* Build configuration list for PBXNativeTarget "Instagram" */ = {
			isa = XCConfigurationList;
			buildConfigurations = (
				379DAC34211D3ED400BDA7A5 /* Debug */,
				379DAC35211D3ED400BDA7A5 /* Release */,
			);
			defaultConfigurationIsVisible = 0;
			defaultConfigurationName = Release;
		};
		379DAC36211D3ED400BDA7A5 /* Build configuration list for PBXNativeTarget "InstagramUITests" */ = {
			isa = XCConfigurationList;
			buildConfigurations = (
				379DAC37211D3ED400BDA7A5 /* Debug */,
				379DAC38211D3ED400BDA7A5 /* Release */,
			);
			defaultConfigurationIsVisible = 0;
			defaultConfigurationName = Release;
		};
/* End XCConfigurationList section */
	};
	rootObject = 379DAC0E211D3ED200BDA7A5 /* Project object */;
}
